
Microsoft Visual Studio Solution File, Format Version 12.00
# Visual Studio Version 17
VisualStudioVersion = 17.12.35707.178
MinimumVisualStudioVersion = 10.0.40219.1
Project("{8BC9CEB8-8B4A-11D0-8D11-00A0C91BC942}") = "DocumentationForFunctions", "DocumentationForFunctions\DocumentationForFunctions.vcxproj", "{EB7875C2-E5A6-41CF-9EF3-9E29E4A63249}"
EndProject
Project("{8BC9CEB8-8B4A-11D0-8D11-00A0C91BC942}") = "UnitTest1", "UnitTest1\UnitTest1.vcxproj", "{D30B7328-33D1-4C7E-B4E8-DF6D8801993C}"
EndProject
Global
	GlobalSection(SolutionConfigurationPlatforms) = preSolution
		Debug|x64 = Debug|x64
		Debug|x86 = Debug|x86
		Release|x64 = Release|x64
		Release|x86 = Release|x86
	EndGlobalSection
	GlobalSection(ProjectConfigurationPlatforms) = postSolution
		{EB7875C2-E5A6-41CF-9EF3-9E29E4A63249}.Debug|x64.ActiveCfg = Debug|x64
		{EB7875C2-E5A6-41CF-9EF3-9E29E4A63249}.Debug|x64.Build.0 = Debug|x64
		{EB7875C2-E5A6-41CF-9EF3-9E29E4A63249}.Debug|x86.ActiveCfg = Debug|Win32
		{EB7875C2-E5A6-41CF-9EF3-9E29E4A63249}.Debug|x86.Build.0 = Debug|Win32
		{EB7875C2-E5A6-41CF-9EF3-9E29E4A63249}.Release|x64.ActiveCfg = Release|x64
		{EB7875C2-E5A6-41CF-9EF3-9E29E4A63249}.Release|x64.Build.0 = Release|x64
		{EB7875C2-E5A6-41CF-9EF3-9E29E4A63249}.Release|x86.ActiveCfg = Release|Win32
		{EB7875C2-E5A6-41CF-9EF3-9E29E4A63249}.Release|x86.Build.0 = Release|Win32
		{D30B7328-33D1-4C7E-B4E8-DF6D8801993C}.Debug|x64.ActiveCfg = Debug|x64
		{D30B7328-33D1-4C7E-B4E8-DF6D8801993C}.Debug|x64.Build.0 = Debug|x64
		{D30B7328-33D1-4C7E-B4E8-DF6D8801993C}.Debug|x86.ActiveCfg = Debug|Win32
		{D30B7328-33D1-4C7E-B4E8-DF6D8801993C}.Debug|x86.Build.0 = Debug|Win32
		{D30B7328-33D1-4C7E-B4E8-DF6D8801993C}.Release|x64.ActiveCfg = Release|x64
		{D30B7328-33D1-4C7E-B4E8-DF6D8801993C}.Release|x64.Build.0 = Release|x64
		{D30B7328-33D1-4C7E-B4E8-DF6D8801993C}.Release|x86.ActiveCfg = Release|Win32
		{D30B7328-33D1-4C7E-B4E8-DF6D8801993C}.Release|x86.Build.0 = Release|Win32
	EndGlobalSection
	GlobalSection(SolutionProperties) = preSolution
		HideSolutionNode = FALSE
	EndGlobalSection
EndGlobal
